
Microsoft Visual Studio Solution File, Format Version 12.00
# Visual Studio Version 17
VisualStudioVersion = 17.5.002.0
MinimumVisualStudioVersion = 10.0.40219.1
Project("{2150E333-8FDC-42A3-9474-1A3956D46DE8}") = "csharp-prep", "csharp-prep", "{9CDF5F83-74DE-494A-9F98-52AF74747436}"
EndProject
Project("{9A19103F-16F7-4668-BE54-9A1E7A4F7556}") = "Prep1", "csharp-prep\Prep1\Prep1.csproj", "{9FDD68D0-4F2E-4EDE-9218-C0F0B8FA6477}"
EndProject
Project("{9A19103F-16F7-4668-BE54-9A1E7A4F7556}") = "Prep2", "csharp-prep\Prep2\Prep2.csproj", "{893145EA-C7A0-4573-B52D-2860C0ED52C7}"
EndProject
Project("{9A19103F-16F7-4668-BE54-9A1E7A4F7556}") = "Prep3", "csharp-prep\Prep3\Prep3.csproj", "{ACD8BCFA-E284-4754-9D4A-25F42CAF8709}"
EndProject
Project("{9A19103F-16F7-4668-BE54-9A1E7A4F7556}") = "Prep4", "csharp-prep\Prep4\Prep4.csproj", "{F7942A74-1E1D-4CF5-894E-C2CC66ACB33B}"
EndProject
Project("{9A19103F-16F7-4668-BE54-9A1E7A4F7556}") = "Prep5", "csharp-prep\Prep5\Prep5.csproj", "{F735ABBD-9F0F-4861-A8B3-376B27A4E23F}"
EndProject
Project("{2150E333-8FDC-42A3-9474-1A3956D46DE8}") = "final", "final", "{35D731A7-1410-4313-A2CB-6C8F312D7201}"
EndProject
Project("{9A19103F-16F7-4668-BE54-9A1E7A4F7556}") = "FinalProject", "final\FinalProject\FinalProject.csproj", "{01BC940E-AACE-4EE5-9B3F-12718A97B04C}"
EndProject
Project("{9A19103F-16F7-4668-BE54-9A1E7A4F7556}") = "Foundation1", "final\Foundation1\Foundation1.csproj", "{D499CFBE-6D97-49E9-92B7-67BC80A6ED3C}"
EndProject
Project("{9A19103F-16F7-4668-BE54-9A1E7A4F7556}") = "Foundation2", "final\Foundation2\Foundation2.csproj", "{B0D839C7-9B11-4AA6-B3AB-A30863BF5D22}"
EndProject
Project("{9A19103F-16F7-4668-BE54-9A1E7A4F7556}") = "Foundation3", "final\Foundation3\Foundation3.csproj", "{FE9B3F1E-4F8A-4405-BC49-9C952D4AC9B4}"
EndProject
Project("{9A19103F-16F7-4668-BE54-9A1E7A4F7556}") = "Foundation4", "final\Foundation4\Foundation4.csproj", "{895A4E1D-6E10-49E2-922E-ABF5CE597484}"
EndProject
Project("{2150E333-8FDC-42A3-9474-1A3956D46DE8}") = "prepare", "prepare", "{EF8F2F63-9958-46AC-A027-11ADF158B840}"
EndProject
Project("{9A19103F-16F7-4668-BE54-9A1E7A4F7556}") = "Learning02", "prepare\Learning02\Learning02.csproj", "{5863DD08-70A4-4F4D-AC4C-D11D595A0969}"
EndProject
Project("{9A19103F-16F7-4668-BE54-9A1E7A4F7556}") = "Learning03", "prepare\Learning03\Learning03.csproj", "{17471681-F884-4423-8CC7-515205383448}"
EndProject
Project("{9A19103F-16F7-4668-BE54-9A1E7A4F7556}") = "Learning04", "prepare\Learning04\Learning04.csproj", "{9E450227-28DE-4D6A-8584-2AB57AAA8EF5}"
EndProject
Project("{9A19103F-16F7-4668-BE54-9A1E7A4F7556}") = "Learning05", "prepare\Learning05\Learning05.csproj", "{D8522A49-E8B9-45ED-817B-4ED43406E6ED}"
EndProject
Project("{2150E333-8FDC-42A3-9474-1A3956D46DE8}") = "prove", "prove", "{F922272F-9B14-4910-8E01-A9AD8056BCAF}"
EndProject
Project("{9A19103F-16F7-4668-BE54-9A1E7A4F7556}") = "Develop02", "prove\Develop02\Develop02.csproj", "{A936075A-0B5E-4EF1-A699-C5EFA0F9E79E}"
EndProject
Project("{9A19103F-16F7-4668-BE54-9A1E7A4F7556}") = "Develop03", "prove\Develop03\Develop03.csproj", "{828E6CAE-18C7-4107-8467-C1A00AC17D7C}"
EndProject
Project("{9A19103F-16F7-4668-BE54-9A1E7A4F7556}") = "Develop04", "prove\Develop04\Develop04.csproj", "{89911D9F-0F8D-43D3-8010-FDAFF9E36CDC}"
EndProject
Project("{9A19103F-16F7-4668-BE54-9A1E7A4F7556}") = "Develop05", "prove\Develop05\Develop05.csproj", "{C5ED9CBB-74C9-42F5-B70C-6B8B7BC91905}"
EndProject
Project("{2150E333-8FDC-42A3-9474-1A3956D46DE8}") = "sandbox", "sandbox", "{285B9B8A-F9B0-404A-9CCE-8163D57C10A7}"
EndProject
Project("{9A19103F-16F7-4668-BE54-9A1E7A4F7556}") = "Sandbox", "sandbox\Sandbox\Sandbox.csproj", "{9EECE2C9-FE14-49AF-A57C-E940FCBF2E7C}"
EndProject
Global
	GlobalSection(SolutionConfigurationPlatforms) = preSolution
		Debug|Any CPU = Debug|Any CPU
		Release|Any CPU = Release|Any CPU
	EndGlobalSection
	GlobalSection(ProjectConfigurationPlatforms) = postSolution
		{9FDD68D0-4F2E-4EDE-9218-C0F0B8FA6477}.Debug|Any CPU.ActiveCfg = Debug|Any CPU
		{9FDD68D0-4F2E-4EDE-9218-C0F0B8FA6477}.Debug|Any CPU.Build.0 = Debug|Any CPU
		{9FDD68D0-4F2E-4EDE-9218-C0F0B8FA6477}.Release|Any CPU.ActiveCfg = Release|Any CPU
		{9FDD68D0-4F2E-4EDE-9218-C0F0B8FA6477}.Release|Any CPU.Build.0 = Release|Any CPU
		{893145EA-C7A0-4573-B52D-2860C0ED52C7}.Debug|Any CPU.ActiveCfg = Debug|Any CPU
		{893145EA-C7A0-4573-B52D-2860C0ED52C7}.Debug|Any CPU.Build.0 = Debug|Any CPU
		{893145EA-C7A0-4573-B52D-2860C0ED52C7}.Release|Any CPU.ActiveCfg = Release|Any CPU
		{893145EA-C7A0-4573-B52D-2860C0ED52C7}.Release|Any CPU.Build.0 = Release|Any CPU
		{ACD8BCFA-E284-4754-9D4A-25F42CAF8709}.Debug|Any CPU.ActiveCfg = Debug|Any CPU
		{ACD8BCFA-E284-4754-9D4A-25F42CAF8709}.Debug|Any CPU.Build.0 = Debug|Any CPU
		{ACD8BCFA-E284-4754-9D4A-25F42CAF8709}.Release|Any CPU.ActiveCfg = Release|Any CPU
		{ACD8BCFA-E284-4754-9D4A-25F42CAF8709}.Release|Any CPU.Build.0 = Release|Any CPU
		{F7942A74-1E1D-4CF5-894E-C2CC66ACB33B}.Debug|Any CPU.ActiveCfg = Debug|Any CPU
		{F7942A74-1E1D-4CF5-894E-C2CC66ACB33B}.Debug|Any CPU.Build.0 = Debug|Any CPU
		{F7942A74-1E1D-4CF5-894E-C2CC66ACB33B}.Release|Any CPU.ActiveCfg = Release|Any CPU
		{F7942A74-1E1D-4CF5-894E-C2CC66ACB33B}.Release|Any CPU.Build.0 = Release|Any CPU
		{F735ABBD-9F0F-4861-A8B3-376B27A4E23F}.Debug|Any CPU.ActiveCfg = Debug|Any CPU
		{F735ABBD-9F0F-4861-A8B3-376B27A4E23F}.Debug|Any CPU.Build.0 = Debug|Any CPU
		{F735ABBD-9F0F-4861-A8B3-376B27A4E23F}.Release|Any CPU.ActiveCfg = Release|Any CPU
		{F735ABBD-9F0F-4861-A8B3-376B27A4E23F}.Release|Any CPU.Build.0 = Release|Any CPU
		{01BC940E-AACE-4EE5-9B3F-12718A97B04C}.Debug|Any CPU.ActiveCfg = Debug|Any CPU
		{01BC940E-AACE-4EE5-9B3F-12718A97B04C}.Debug|Any CPU.Build.0 = Debug|Any CPU
		{01BC940E-AACE-4EE5-9B3F-12718A97B04C}.Release|Any CPU.ActiveCfg = Release|Any CPU
		{01BC940E-AACE-4EE5-9B3F-12718A97B04C}.Release|Any CPU.Build.0 = Release|Any CPU
		{D499CFBE-6D97-49E9-92B7-67BC80A6ED3C}.Debug|Any CPU.ActiveCfg = Debug|Any CPU
		{D499CFBE-6D97-49E9-92B7-67BC80A6ED3C}.Debug|Any CPU.Build.0 = Debug|Any CPU
		{D499CFBE-6D97-49E9-92B7-67BC80A6ED3C}.Release|Any CPU.ActiveCfg = Release|Any CPU
		{D499CFBE-6D97-49E9-92B7-67BC80A6ED3C}.Release|Any CPU.Build.0 = Release|Any CPU
		{B0D839C7-9B11-4AA6-B3AB-A30863BF5D22}.Debug|Any CPU.ActiveCfg = Debug|Any CPU
		{B0D839C7-9B11-4AA6-B3AB-A30863BF5D22}.Debug|Any CPU.Build.0 = Debug|Any CPU
		{B0D839C7-9B11-4AA6-B3AB-A30863BF5D22}.Release|Any CPU.ActiveCfg = Release|Any CPU
		{B0D839C7-9B11-4AA6-B3AB-A30863BF5D22}.Release|Any CPU.Build.0 = Release|Any CPU
		{FE9B3F1E-4F8A-4405-BC49-9C952D4AC9B4}.Debug|Any CPU.ActiveCfg = Debug|Any CPU
		{FE9B3F1E-4F8A-4405-BC49-9C952D4AC9B4}.Debug|Any CPU.Build.0 = Debug|Any CPU
		{FE9B3F1E-4F8A-4405-BC49-9C952D4AC9B4}.Release|Any CPU.ActiveCfg = Release|Any CPU
		{FE9B3F1E-4F8A-4405-BC49-9C952D4AC9B4}.Release|Any CPU.Build.0 = Release|Any CPU
		{895A4E1D-6E10-49E2-922E-ABF5CE597484}.Debug|Any CPU.ActiveCfg = Debug|Any CPU
		{895A4E1D-6E10-49E2-922E-ABF5CE597484}.Debug|Any CPU.Build.0 = Debug|Any CPU
		{895A4E1D-6E10-49E2-922E-ABF5CE597484}.Release|Any CPU.ActiveCfg = Release|Any CPU
		{895A4E1D-6E10-49E2-922E-ABF5CE597484}.Release|Any CPU.Build.0 = Release|Any CPU
		{5863DD08-70A4-4F4D-AC4C-D11D595A0969}.Debug|Any CPU.ActiveCfg = Debug|Any CPU
		{5863DD08-70A4-4F4D-AC4C-D11D595A0969}.Debug|Any CPU.Build.0 = Debug|Any CPU
		{5863DD08-70A4-4F4D-AC4C-D11D595A0969}.Release|Any CPU.ActiveCfg = Release|Any CPU
		{5863DD08-70A4-4F4D-AC4C-D11D595A0969}.Release|Any CPU.Build.0 = Release|Any CPU
		{17471681-F884-4423-8CC7-515205383448}.Debug|Any CPU.ActiveCfg = Debug|Any CPU
		{17471681-F884-4423-8CC7-515205383448}.Debug|Any CPU.Build.0 = Debug|Any CPU
		{17471681-F884-4423-8CC7-515205383448}.Release|Any CPU.ActiveCfg = Release|Any CPU
		{17471681-F884-4423-8CC7-515205383448}.Release|Any CPU.Build.0 = Release|Any CPU
		{9E450227-28DE-4D6A-8584-2AB57AAA8EF5}.Debug|Any CPU.ActiveCfg = Debug|Any CPU
		{9E450227-28DE-4D6A-8584-2AB57AAA8EF5}.Debug|Any CPU.Build.0 = Debug|Any CPU
		{9E450227-28DE-4D6A-8584-2AB57AAA8EF5}.Release|Any CPU.ActiveCfg = Release|Any CPU
		{9E450227-28DE-4D6A-8584-2AB57AAA8EF5}.Release|Any CPU.Build.0 = Release|Any CPU
		{D8522A49-E8B9-45ED-817B-4ED43406E6ED}.Debug|Any CPU.ActiveCfg = Debug|Any CPU
		{D8522A49-E8B9-45ED-817B-4ED43406E6ED}.Debug|Any CPU.Build.0 = Debug|Any CPU
		{D8522A49-E8B9-45ED-817B-4ED43406E6ED}.Release|Any CPU.ActiveCfg = Release|Any CPU
		{D8522A49-E8B9-45ED-817B-4ED43406E6ED}.Release|Any CPU.Build.0 = Release|Any CPU
		{A936075A-0B5E-4EF1-A699-C5EFA0F9E79E}.Debug|Any CPU.ActiveCfg = Debug|Any CPU
		{A936075A-0B5E-4EF1-A699-C5EFA0F9E79E}.Debug|Any CPU.Build.0 = Debug|Any CPU
		{A936075A-0B5E-4EF1-A699-C5EFA0F9E79E}.Release|Any CPU.ActiveCfg = Release|Any CPU
		{A936075A-0B5E-4EF1-A699-C5EFA0F9E79E}.Release|Any CPU.Build.0 = Release|Any CPU
		{828E6CAE-18C7-4107-8467-C1A00AC17D7C}.Debug|Any CPU.ActiveCfg = Debug|Any CPU
		{828E6CAE-18C7-4107-8467-C1A00AC17D7C}.Debug|Any CPU.Build.0 = Debug|Any CPU
		{828E6CAE-18C7-4107-8467-C1A00AC17D7C}.Release|Any CPU.ActiveCfg = Release|Any CPU
		{828E6CAE-18C7-4107-8467-C1A00AC17D7C}.Release|Any CPU.Build.0 = Release|Any CPU
		{89911D9F-0F8D-43D3-8010-FDAFF9E36CDC}.Debug|Any CPU.ActiveCfg = Debug|Any CPU
		{89911D9F-0F8D-43D3-8010-FDAFF9E36CDC}.Debug|Any CPU.Build.0 = Debug|Any CPU
		{89911D9F-0F8D-43D3-8010-FDAFF9E36CDC}.Release|Any CPU.ActiveCfg = Release|Any CPU
		{89911D9F-0F8D-43D3-8010-FDAFF9E36CDC}.Release|Any CPU.Build.0 = Release|Any CPU
		{C5ED9CBB-74C9-42F5-B70C-6B8B7BC91905}.Debug|Any CPU.ActiveCfg = Debug|Any CPU
		{C5ED9CBB-74C9-42F5-B70C-6B8B7BC91905}.Debug|Any CPU.Build.0 = Debug|Any CPU
		{C5ED9CBB-74C9-42F5-B70C-6B8B7BC91905}.Release|Any CPU.ActiveCfg = Release|Any CPU
		{C5ED9CBB-74C9-42F5-B70C-6B8B7BC91905}.Release|Any CPU.Build.0 = Release|Any CPU
		{9EECE2C9-FE14-49AF-A57C-E940FCBF2E7C}.Debug|Any CPU.ActiveCfg = Debug|Any CPU
		{9EECE2C9-FE14-49AF-A57C-E940FCBF2E7C}.Debug|Any CPU.Build.0 = Debug|Any CPU
		{9EECE2C9-FE14-49AF-A57C-E940FCBF2E7C}.Release|Any CPU.ActiveCfg = Release|Any CPU
		{9EECE2C9-FE14-49AF-A57C-E940FCBF2E7C}.Release|Any CPU.Build.0 = Release|Any CPU
	EndGlobalSection
	GlobalSection(SolutionProperties) = preSolution
		HideSolutionNode = FALSE
	EndGlobalSection
	GlobalSection(NestedProjects) = preSolution
		{9FDD68D0-4F2E-4EDE-9218-C0F0B8FA6477} = {9CDF5F83-74DE-494A-9F98-52AF74747436}
		{893145EA-C7A0-4573-B52D-2860C0ED52C7} = {9CDF5F83-74DE-494A-9F98-52AF74747436}
		{ACD8BCFA-E284-4754-9D4A-25F42CAF8709} = {9CDF5F83-74DE-494A-9F98-52AF74747436}
		{F7942A74-1E1D-4CF5-894E-C2CC66ACB33B} = {9CDF5F83-74DE-494A-9F98-52AF74747436}
		{F735ABBD-9F0F-4861-A8B3-376B27A4E23F} = {9CDF5F83-74DE-494A-9F98-52AF74747436}
		{01BC940E-AACE-4EE5-9B3F-12718A97B04C} = {35D731A7-1410-4313-A2CB-6C8F312D7201}
		{D499CFBE-6D97-49E9-92B7-67BC80A6ED3C} = {35D731A7-1410-4313-A2CB-6C8F312D7201}
		{B0D839C7-9B11-4AA6-B3AB-A30863BF5D22} = {35D731A7-1410-4313-A2CB-6C8F312D7201}
		{FE9B3F1E-4F8A-4405-BC49-9C952D4AC9B4} = {35D731A7-1410-4313-A2CB-6C8F312D7201}
		{895A4E1D-6E10-49E2-922E-ABF5CE597484} = {35D731A7-1410-4313-A2CB-6C8F312D7201}
		{5863DD08-70A4-4F4D-AC4C-D11D595A0969} = {EF8F2F63-9958-46AC-A027-11ADF158B840}
		{17471681-F884-4423-8CC7-515205383448} = {EF8F2F63-9958-46AC-A027-11ADF158B840}
		{9E450227-28DE-4D6A-8584-2AB57AAA8EF5} = {EF8F2F63-9958-46AC-A027-11ADF158B840}
		{D8522A49-E8B9-45ED-817B-4ED43406E6ED} = {EF8F2F63-9958-46AC-A027-11ADF158B840}
		{A936075A-0B5E-4EF1-A699-C5EFA0F9E79E} = {F922272F-9B14-4910-8E01-A9AD8056BCAF}
		{828E6CAE-18C7-4107-8467-C1A00AC17D7C} = {F922272F-9B14-4910-8E01-A9AD8056BCAF}
		{89911D9F-0F8D-43D3-8010-FDAFF9E36CDC} = {F922272F-9B14-4910-8E01-A9AD8056BCAF}
		{C5ED9CBB-74C9-42F5-B70C-6B8B7BC91905} = {F922272F-9B14-4910-8E01-A9AD8056BCAF}
		{9EECE2C9-FE14-49AF-A57C-E940FCBF2E7C} = {285B9B8A-F9B0-404A-9CCE-8163D57C10A7}
	EndGlobalSection
	GlobalSection(ExtensibilityGlobals) = postSolution
		SolutionGuid = {059CC930-22FA-47C6-8D28-DAF7E627E457}
	EndGlobalSection
EndGlobal
